
Microsoft Visual Studio Solution File, Format Version 12.00
# Visual Studio 14
VisualStudioVersion = 14.0.24720.0
MinimumVisualStudioVersion = 10.0.40219.1
Project("{8BC9CEB8-8B4A-11D0-8D11-00A0C91BC942}") = "rahMath", "rahMath\rahMath.vcxproj", "{107DC226-69AE-42EA-8019-53DCE19968EA}"
EndProject
Project("{8BC9CEB8-8B4A-11D0-8D11-00A0C91BC942}") = "rahMath_Test", "rahMath_Test\rahMath_Test.vcxproj", "{0D08CECA-1954-4E0A-99B1-082763274066}"
	ProjectSection(ProjectDependencies) = postProject
		{107DC226-69AE-42EA-8019-53DCE19968EA} = {107DC226-69AE-42EA-8019-53DCE19968EA}
	EndProjectSection
EndProject
Project("{8BC9CEB8-8B4A-11D0-8D11-00A0C91BC942}") = "rahTools", "rahTools\rahTools.vcxproj", "{779B72E6-24EE-4831-AE6E-5BAB3120D8C9}"
EndProject
Project("{8BC9CEB8-8B4A-11D0-8D11-00A0C91BC942}") = "rahTools_Test", "rahTools_Test\rahTools_Test.vcxproj", "{BB5EC3CE-02E1-48E6-ACFD-14CDDDFFA28C}"
	ProjectSection(ProjectDependencies) = postProject
		{779B72E6-24EE-4831-AE6E-5BAB3120D8C9} = {779B72E6-24EE-4831-AE6E-5BAB3120D8C9}
	EndProjectSection
EndProject
Project("{8BC9CEB8-8B4A-11D0-8D11-00A0C91BC942}") = "rahGraphics", "rahGraphics\rahGraphics.vcxproj", "{C060AAF4-5132-4923-B401-11B4BF36ABB3}"
	ProjectSection(ProjectDependencies) = postProject
		{107DC226-69AE-42EA-8019-53DCE19968EA} = {107DC226-69AE-42EA-8019-53DCE19968EA}
		{779B72E6-24EE-4831-AE6E-5BAB3120D8C9} = {779B72E6-24EE-4831-AE6E-5BAB3120D8C9}
	EndProjectSection
EndProject
Project("{8BC9CEB8-8B4A-11D0-8D11-00A0C91BC942}") = "rahGRaphics_Test", "rahGRaphics_Test\rahGRaphics_Test.vcxproj", "{A6403DE9-65DF-4B2C-ABD9-10D631B3A45F}"
	ProjectSection(ProjectDependencies) = postProject
		{107DC226-69AE-42EA-8019-53DCE19968EA} = {107DC226-69AE-42EA-8019-53DCE19968EA}
		{C201799F-CBC0-4764-BE27-9E859E36A5AF} = {C201799F-CBC0-4764-BE27-9E859E36A5AF}
		{779B72E6-24EE-4831-AE6E-5BAB3120D8C9} = {779B72E6-24EE-4831-AE6E-5BAB3120D8C9}
		{C060AAF4-5132-4923-B401-11B4BF36ABB3} = {C060AAF4-5132-4923-B401-11B4BF36ABB3}
	EndProjectSection
EndProject
Project("{8BC9CEB8-8B4A-11D0-8D11-00A0C91BC942}") = "rahEngine", "rahEngine\rahEngine.vcxproj", "{C201799F-CBC0-4764-BE27-9E859E36A5AF}"
	ProjectSection(ProjectDependencies) = postProject
		{107DC226-69AE-42EA-8019-53DCE19968EA} = {107DC226-69AE-42EA-8019-53DCE19968EA}
		{779B72E6-24EE-4831-AE6E-5BAB3120D8C9} = {779B72E6-24EE-4831-AE6E-5BAB3120D8C9}
		{C060AAF4-5132-4923-B401-11B4BF36ABB3} = {C060AAF4-5132-4923-B401-11B4BF36ABB3}
	EndProjectSection
EndProject
Global
	GlobalSection(SolutionConfigurationPlatforms) = preSolution
		Debug|x64 = Debug|x64
		Debug|x86 = Debug|x86
		Release|x64 = Release|x64
		Release|x86 = Release|x86
	EndGlobalSection
	GlobalSection(ProjectConfigurationPlatforms) = postSolution
		{107DC226-69AE-42EA-8019-53DCE19968EA}.Debug|x64.ActiveCfg = Debug|x64
		{107DC226-69AE-42EA-8019-53DCE19968EA}.Debug|x64.Build.0 = Debug|x64
		{107DC226-69AE-42EA-8019-53DCE19968EA}.Debug|x86.ActiveCfg = Debug|Win32
		{107DC226-69AE-42EA-8019-53DCE19968EA}.Debug|x86.Build.0 = Debug|Win32
		{107DC226-69AE-42EA-8019-53DCE19968EA}.Release|x64.ActiveCfg = Release|x64
		{107DC226-69AE-42EA-8019-53DCE19968EA}.Release|x64.Build.0 = Release|x64
		{107DC226-69AE-42EA-8019-53DCE19968EA}.Release|x86.ActiveCfg = Release|Win32
		{107DC226-69AE-42EA-8019-53DCE19968EA}.Release|x86.Build.0 = Release|Win32
		{0D08CECA-1954-4E0A-99B1-082763274066}.Debug|x64.ActiveCfg = Debug|x64
		{0D08CECA-1954-4E0A-99B1-082763274066}.Debug|x64.Build.0 = Debug|x64
		{0D08CECA-1954-4E0A-99B1-082763274066}.Debug|x86.ActiveCfg = Debug|Win32
		{0D08CECA-1954-4E0A-99B1-082763274066}.Debug|x86.Build.0 = Debug|Win32
		{0D08CECA-1954-4E0A-99B1-082763274066}.Release|x64.ActiveCfg = Release|x64
		{0D08CECA-1954-4E0A-99B1-082763274066}.Release|x64.Build.0 = Release|x64
		{0D08CECA-1954-4E0A-99B1-082763274066}.Release|x86.ActiveCfg = Release|Win32
		{0D08CECA-1954-4E0A-99B1-082763274066}.Release|x86.Build.0 = Release|Win32
		{779B72E6-24EE-4831-AE6E-5BAB3120D8C9}.Debug|x64.ActiveCfg = Debug|x64
		{779B72E6-24EE-4831-AE6E-5BAB3120D8C9}.Debug|x64.Build.0 = Debug|x64
		{779B72E6-24EE-4831-AE6E-5BAB3120D8C9}.Debug|x86.ActiveCfg = Debug|Win32
		{779B72E6-24EE-4831-AE6E-5BAB3120D8C9}.Debug|x86.Build.0 = Debug|Win32
		{779B72E6-24EE-4831-AE6E-5BAB3120D8C9}.Release|x64.ActiveCfg = Release|x64
		{779B72E6-24EE-4831-AE6E-5BAB3120D8C9}.Release|x64.Build.0 = Release|x64
		{779B72E6-24EE-4831-AE6E-5BAB3120D8C9}.Release|x86.ActiveCfg = Release|Win32
		{779B72E6-24EE-4831-AE6E-5BAB3120D8C9}.Release|x86.Build.0 = Release|Win32
		{BB5EC3CE-02E1-48E6-ACFD-14CDDDFFA28C}.Debug|x64.ActiveCfg = Debug|x64
		{BB5EC3CE-02E1-48E6-ACFD-14CDDDFFA28C}.Debug|x64.Build.0 = Debug|x64
		{BB5EC3CE-02E1-48E6-ACFD-14CDDDFFA28C}.Debug|x86.ActiveCfg = Debug|Win32
		{BB5EC3CE-02E1-48E6-ACFD-14CDDDFFA28C}.Debug|x86.Build.0 = Debug|Win32
		{BB5EC3CE-02E1-48E6-ACFD-14CDDDFFA28C}.Release|x64.ActiveCfg = Release|x64
		{BB5EC3CE-02E1-48E6-ACFD-14CDDDFFA28C}.Release|x64.Build.0 = Release|x64
		{BB5EC3CE-02E1-48E6-ACFD-14CDDDFFA28C}.Release|x86.ActiveCfg = Release|Win32
		{BB5EC3CE-02E1-48E6-ACFD-14CDDDFFA28C}.Release|x86.Build.0 = Release|Win32
		{C060AAF4-5132-4923-B401-11B4BF36ABB3}.Debug|x64.ActiveCfg = Debug|x64
		{C060AAF4-5132-4923-B401-11B4BF36ABB3}.Debug|x64.Build.0 = Debug|x64
		{C060AAF4-5132-4923-B401-11B4BF36ABB3}.Debug|x86.ActiveCfg = Debug|Win32
		{C060AAF4-5132-4923-B401-11B4BF36ABB3}.Debug|x86.Build.0 = Debug|Win32
		{C060AAF4-5132-4923-B401-11B4BF36ABB3}.Release|x64.ActiveCfg = Release|x64
		{C060AAF4-5132-4923-B401-11B4BF36ABB3}.Release|x64.Build.0 = Release|x64
		{C060AAF4-5132-4923-B401-11B4BF36ABB3}.Release|x86.ActiveCfg = Release|Win32
		{C060AAF4-5132-4923-B401-11B4BF36ABB3}.Release|x86.Build.0 = Release|Win32
		{A6403DE9-65DF-4B2C-ABD9-10D631B3A45F}.Debug|x64.ActiveCfg = Debug|x64
		{A6403DE9-65DF-4B2C-ABD9-10D631B3A45F}.Debug|x64.Build.0 = Debug|x64
		{A6403DE9-65DF-4B2C-ABD9-10D631B3A45F}.Debug|x86.ActiveCfg = Debug|Win32
		{A6403DE9-65DF-4B2C-ABD9-10D631B3A45F}.Debug|x86.Build.0 = Debug|Win32
		{A6403DE9-65DF-4B2C-ABD9-10D631B3A45F}.Release|x64.ActiveCfg = Release|x64
		{A6403DE9-65DF-4B2C-ABD9-10D631B3A45F}.Release|x64.Build.0 = Release|x64
		{A6403DE9-65DF-4B2C-ABD9-10D631B3A45F}.Release|x86.ActiveCfg = Release|Win32
		{A6403DE9-65DF-4B2C-ABD9-10D631B3A45F}.Release|x86.Build.0 = Release|Win32
		{C201799F-CBC0-4764-BE27-9E859E36A5AF}.Debug|x64.ActiveCfg = Debug|x64
		{C201799F-CBC0-4764-BE27-9E859E36A5AF}.Debug|x64.Build.0 = Debug|x64
		{C201799F-CBC0-4764-BE27-9E859E36A5AF}.Debug|x86.ActiveCfg = Debug|Win32
		{C201799F-CBC0-4764-BE27-9E859E36A5AF}.Debug|x86.Build.0 = Debug|Win32
		{C201799F-CBC0-4764-BE27-9E859E36A5AF}.Release|x64.ActiveCfg = Release|x64
		{C201799F-CBC0-4764-BE27-9E859E36A5AF}.Release|x64.Build.0 = Release|x64
		{C201799F-CBC0-4764-BE27-9E859E36A5AF}.Release|x86.ActiveCfg = Release|Win32
		{C201799F-CBC0-4764-BE27-9E859E36A5AF}.Release|x86.Build.0 = Release|Win32
	EndGlobalSection
	GlobalSection(SolutionProperties) = preSolution
		HideSolutionNode = FALSE
	EndGlobalSection
EndGlobal
