<?xml version="1.0" encoding="utf-8"?>
<Project ToolsVersion="4.0" xmlns="http://schemas.microsoft.com/developer/msbuild/2003">
  <ItemGroup>
    <Filter Include="Resource">
      <UniqueIdentifier>{ab4ec4e3-abf9-468d-afb0-e0e42aed9a64}</UniqueIdentifier>
    </Filter>
    <Filter Include="Debug">
      <UniqueIdentifier>{30d1afa4-0937-43a3-a777-8ee88741cd48}</UniqueIdentifier>
    </Filter>
    <Filter Include="Tools">
      <UniqueIdentifier>{13592b9c-1e6d-41a3-a3c5-c204247108f1}</UniqueIdentifier>
    </Filter>
    <Filter Include="Include">
      <UniqueIdentifier>{7b649b05-e311-4101-beed-01dd38fef3d4}</UniqueIdentifier>
    </Filter>
  </ItemGroup>
  <ItemGroup>
    <Text Include="ReadMe.txt" />
  </ItemGroup>
  <ItemGroup>
    <ClInclude Include="ResourceManager.h">
      <Filter>Resource</Filter>
    </ClInclude>
    <ClInclude Include="rahResource.h">
      <Filter>Resource</Filter>
    </ClInclude>
    <ClInclude Include="BasicResourceFabric.h">
      <Filter>Resource</Filter>
    </ClInclude>
    <ClInclude Include="Debug.h">
      <Filter>Debug</Filter>
    </ClInclude>
    <ClInclude Include="rahMacros.h">
      <Filter>Tools</Filter>
    </ClInclude>
    <ClInclude Include="Pool.h">
      <Filter>Tools</Filter>
    </ClInclude>
    <ClInclude Include="Module.h">
      <Filter>Tools</Filter>
    </ClInclude>
    <ClInclude Include="rahTools.h">
      <Filter>Include</Filter>
    </ClInclude>
  </ItemGroup>
  <ItemGroup>
    <ClCompile Include="BasicResourceFabric.cpp">
      <Filter>Resource</Filter>
    </ClCompile>
    <ClCompile Include="rahResource.cpp">
      <Filter>Resource</Filter>
    </ClCompile>
    <ClCompile Include="ResourceManager.cpp">
      <Filter>Resource</Filter>
    </ClCompile>
    <ClCompile Include="Debug.cpp">
      <Filter>Debug</Filter>
    </ClCompile>
  </ItemGroup>
</Project>