<?xml version="1.0" encoding="utf-8"?>
<Project ToolsVersion="4.0" xmlns="http://schemas.microsoft.com/developer/msbuild/2003">
  <ItemGroup>
    <Filter Include="Buffer">
      <UniqueIdentifier>{89553463-e301-462b-9900-7a8433100362}</UniqueIdentifier>
    </Filter>
    <Filter Include="Camera">
      <UniqueIdentifier>{b227a9e3-8600-48f3-b0e2-8762910ce73c}</UniqueIdentifier>
    </Filter>
    <Filter Include="Model">
      <UniqueIdentifier>{467e1938-ad39-4ae8-848a-bed003ec4713}</UniqueIdentifier>
    </Filter>
    <Filter Include="Include">
      <UniqueIdentifier>{5d3fb87e-085f-41a1-b950-ca0cc2d32653}</UniqueIdentifier>
    </Filter>
    <Filter Include="Shader">
      <UniqueIdentifier>{eb457fb8-f00c-4518-9926-e039fbf0918d}</UniqueIdentifier>
    </Filter>
    <Filter Include="Render">
      <UniqueIdentifier>{61631824-d82f-4fb1-8f40-38c33612d30f}</UniqueIdentifier>
    </Filter>
  </ItemGroup>
  <ItemGroup>
    <ClInclude Include="IndexBuffer.h">
      <Filter>Buffer</Filter>
    </ClInclude>
    <ClInclude Include="VertexBuffer.h">
      <Filter>Buffer</Filter>
    </ClInclude>
    <ClInclude Include="Buffer.h">
      <Filter>Buffer</Filter>
    </ClInclude>
    <ClInclude Include="ConstantBuffer.h">
      <Filter>Buffer</Filter>
    </ClInclude>
    <ClInclude Include="Camera.h">
      <Filter>Camera</Filter>
    </ClInclude>
    <ClInclude Include="CameraDebug.h">
      <Filter>Camera</Filter>
    </ClInclude>
    <ClInclude Include="Material.h">
      <Filter>Model</Filter>
    </ClInclude>
    <ClInclude Include="Mesh.h">
      <Filter>Model</Filter>
    </ClInclude>
    <ClInclude Include="Model.h">
      <Filter>Model</Filter>
    </ClInclude>
    <ClInclude Include="StaticModel.h">
      <Filter>Model</Filter>
    </ClInclude>
    <ClInclude Include="rahGraphics.h">
      <Filter>Include</Filter>
    </ClInclude>
    <ClInclude Include="GraphicTexture.h">
      <Filter>Model</Filter>
    </ClInclude>
    <ClInclude Include="Texture2D.h">
      <Filter>Model</Filter>
    </ClInclude>
    <ClInclude Include="FragmentShader.h">
      <Filter>Shader</Filter>
    </ClInclude>
    <ClInclude Include="Shader.h">
      <Filter>Shader</Filter>
    </ClInclude>
    <ClInclude Include="VertexShader.h">
      <Filter>Shader</Filter>
    </ClInclude>
    <ClInclude Include="GraphicDepthStencilView.h">
      <Filter>Render</Filter>
    </ClInclude>
    <ClInclude Include="GraphicDevice.h">
      <Filter>Render</Filter>
    </ClInclude>
    <ClInclude Include="GraphicDeviceContext.h">
      <Filter>Render</Filter>
    </ClInclude>
    <ClInclude Include="GraphicManager.h">
      <Filter>Render</Filter>
    </ClInclude>
    <ClInclude Include="GraphicSamplerState.h">
      <Filter>Render</Filter>
    </ClInclude>
    <ClInclude Include="GraphicSwapChain.h">
      <Filter>Render</Filter>
    </ClInclude>
    <ClInclude Include="GraphicViewport.h">
      <Filter>Render</Filter>
    </ClInclude>
    <ClInclude Include="InputLayout.h">
      <Filter>Render</Filter>
    </ClInclude>
    <ClInclude Include="RenderManager.h">
      <Filter>Render</Filter>
    </ClInclude>
    <ClInclude Include="RenderTarget.h">
      <Filter>Render</Filter>
    </ClInclude>
  </ItemGroup>
  <ItemGroup>
    <ClCompile Include="VertexBuffer.cpp">
      <Filter>Buffer</Filter>
    </ClCompile>
    <ClCompile Include="IndexBuffer.cpp">
      <Filter>Buffer</Filter>
    </ClCompile>
    <ClCompile Include="Buffer.cpp">
      <Filter>Buffer</Filter>
    </ClCompile>
    <ClCompile Include="Camera.cpp">
      <Filter>Camera</Filter>
    </ClCompile>
    <ClCompile Include="CameraDebug.cpp">
      <Filter>Camera</Filter>
    </ClCompile>
    <ClCompile Include="ConstantBuffer.cpp">
      <Filter>Buffer</Filter>
    </ClCompile>
    <ClCompile Include="Material.cpp">
      <Filter>Model</Filter>
    </ClCompile>
    <ClCompile Include="Mesh.cpp">
      <Filter>Model</Filter>
    </ClCompile>
    <ClCompile Include="Model.cpp">
      <Filter>Model</Filter>
    </ClCompile>
    <ClCompile Include="StaticModel.cpp">
      <Filter>Model</Filter>
    </ClCompile>
    <ClCompile Include="GraphicTexture.cpp">
      <Filter>Model</Filter>
    </ClCompile>
    <ClCompile Include="Texture2D.cpp">
      <Filter>Model</Filter>
    </ClCompile>
    <ClCompile Include="FragmentShader.cpp">
      <Filter>Shader</Filter>
    </ClCompile>
    <ClCompile Include="Shader.cpp">
      <Filter>Shader</Filter>
    </ClCompile>
    <ClCompile Include="VertexShader.cpp">
      <Filter>Shader</Filter>
    </ClCompile>
    <ClCompile Include="GraphicDepthStencilView.cpp">
      <Filter>Render</Filter>
    </ClCompile>
    <ClCompile Include="GraphicDevice.cpp">
      <Filter>Render</Filter>
    </ClCompile>
    <ClCompile Include="GraphicDeviceContext.cpp">
      <Filter>Render</Filter>
    </ClCompile>
    <ClCompile Include="GraphicManager.cpp">
      <Filter>Render</Filter>
    </ClCompile>
    <ClCompile Include="GraphicSamplerState.cpp">
      <Filter>Render</Filter>
    </ClCompile>
    <ClCompile Include="GraphicSwapChain.cpp">
      <Filter>Render</Filter>
    </ClCompile>
    <ClCompile Include="GraphicViewport.cpp">
      <Filter>Render</Filter>
    </ClCompile>
    <ClCompile Include="InputLayout.cpp">
      <Filter>Render</Filter>
    </ClCompile>
    <ClCompile Include="RenderManager.cpp">
      <Filter>Render</Filter>
    </ClCompile>
    <ClCompile Include="RenderTarget.cpp">
      <Filter>Render</Filter>
    </ClCompile>
  </ItemGroup>
</Project>